
Microsoft Visual Studio Solution File, Format Version 12.00
# Visual Studio Version 17
VisualStudioVersion = 17.9.34701.34
MinimumVisualStudioVersion = 10.0.40219.1
Project("{FAE04EC0-301F-11D3-BF4B-00C04F79EFBC}") = "GamesAPI", "GamesAPI\GamesAPI.csproj", "{8B8D43ED-21F4-4D2E-8249-FA215CF9AD97}"
EndProject
Global
	GlobalSection(SolutionConfigurationPlatforms) = preSolution
		Debug|Any CPU = Debug|Any CPU
		Release|Any CPU = Release|Any CPU
	EndGlobalSection
	GlobalSection(ProjectConfigurationPlatforms) = postSolution
		{8B8D43ED-21F4-4D2E-8249-FA215CF9AD97}.Debug|Any CPU.ActiveCfg = Debug|Any CPU
		{8B8D43ED-21F4-4D2E-8249-FA215CF9AD97}.Debug|Any CPU.Build.0 = Debug|Any CPU
		{8B8D43ED-21F4-4D2E-8249-FA215CF9AD97}.Release|Any CPU.ActiveCfg = Release|Any CPU
		{8B8D43ED-21F4-4D2E-8249-FA215CF9AD97}.Release|Any CPU.Build.0 = Release|Any CPU
	EndGlobalSection
	GlobalSection(SolutionProperties) = preSolution
		HideSolutionNode = FALSE
	EndGlobalSection
	GlobalSection(ExtensibilityGlobals) = postSolution
		SolutionGuid = {5E692D88-34EA-42A2-9AF1-72674EF1B06F}
	EndGlobalSection
EndGlobal
